
Microsoft Visual Studio Solution File, Format Version 12.00
# Visual Studio Version 17
VisualStudioVersion = 17.10.35013.160
MinimumVisualStudioVersion = 10.0.40219.1
Project("{9A19103F-16F7-4668-BE54-9A1E7A4F7556}") = "CustomerUI", "CustomerUI\CustomerUI.csproj", "{281F8897-E415-4808-AA3D-6CC90114D691}"
EndProject
Project("{FAE04EC0-301F-11D3-BF4B-00C04F79EFBC}") = "CustomerAPI", "CustomerAPI\CustomerAPI.csproj", "{A5435796-6458-43FB-84C5-B26F7E8931AE}"
EndProject
Global
	GlobalSection(SolutionConfigurationPlatforms) = preSolution
		Debug|Any CPU = Debug|Any CPU
		Release|Any CPU = Release|Any CPU
	EndGlobalSection
	GlobalSection(ProjectConfigurationPlatforms) = postSolution
		{281F8897-E415-4808-AA3D-6CC90114D691}.Debug|Any CPU.ActiveCfg = Debug|Any CPU
		{281F8897-E415-4808-AA3D-6CC90114D691}.Debug|Any CPU.Build.0 = Debug|Any CPU
		{281F8897-E415-4808-AA3D-6CC90114D691}.Release|Any CPU.ActiveCfg = Release|Any CPU
		{281F8897-E415-4808-AA3D-6CC90114D691}.Release|Any CPU.Build.0 = Release|Any CPU
		{A5435796-6458-43FB-84C5-B26F7E8931AE}.Debug|Any CPU.ActiveCfg = Debug|Any CPU
		{A5435796-6458-43FB-84C5-B26F7E8931AE}.Debug|Any CPU.Build.0 = Debug|Any CPU
		{A5435796-6458-43FB-84C5-B26F7E8931AE}.Release|Any CPU.ActiveCfg = Release|Any CPU
		{A5435796-6458-43FB-84C5-B26F7E8931AE}.Release|Any CPU.Build.0 = Release|Any CPU
	EndGlobalSection
	GlobalSection(SolutionProperties) = preSolution
		HideSolutionNode = FALSE
	EndGlobalSection
	GlobalSection(ExtensibilityGlobals) = postSolution
		SolutionGuid = {C27A8EF0-63E3-4D4D-BF62-DF60F1C7A7F6}
	EndGlobalSection
EndGlobal
